
Microsoft Visual Studio Solution File, Format Version 12.00
# Visual Studio Version 17
VisualStudioVersion = 17.14.36518.9 d17.14
MinimumVisualStudioVersion = 10.0.40219.1
Project("{FAE04EC0-301F-11D3-BF4B-00C04F79EFBC}") = "WpfApp2(Unit2-2)", "WpfApp2(Unit2-2)\WpfApp2(Unit2-2).csproj", "{BEFCD089-A81E-41BA-B890-0514DEFEF83F}"
EndProject
Global
	GlobalSection(SolutionConfigurationPlatforms) = preSolution
		Debug|Any CPU = Debug|Any CPU
		Release|Any CPU = Release|Any CPU
	EndGlobalSection
	GlobalSection(ProjectConfigurationPlatforms) = postSolution
		{BEFCD089-A81E-41BA-B890-0514DEFEF83F}.Debug|Any CPU.ActiveCfg = Debug|Any CPU
		{BEFCD089-A81E-41BA-B890-0514DEFEF83F}.Debug|Any CPU.Build.0 = Debug|Any CPU
		{BEFCD089-A81E-41BA-B890-0514DEFEF83F}.Release|Any CPU.ActiveCfg = Release|Any CPU
		{BEFCD089-A81E-41BA-B890-0514DEFEF83F}.Release|Any CPU.Build.0 = Release|Any CPU
	EndGlobalSection
	GlobalSection(SolutionProperties) = preSolution
		HideSolutionNode = FALSE
	EndGlobalSection
	GlobalSection(ExtensibilityGlobals) = postSolution
		SolutionGuid = {ECD3AD5B-F0C7-477F-9883-A081CAB7A29E}
	EndGlobalSection
EndGlobal
