
Microsoft Visual Studio Solution File, Format Version 12.00
# Visual Studio Version 17
VisualStudioVersion = 17.14.36623.8 d17.14
MinimumVisualStudioVersion = 10.0.40219.1
Project("{FAE04EC0-301F-11D3-BF4B-00C04F79EFBC}") = "DatagridPersonas25_26", "DatagridPersonas25_26\DatagridPersonas25_26.csproj", "{2E90322F-5B52-4810-AEAE-C12CEEA99F7E}"
EndProject
Global
	GlobalSection(SolutionConfigurationPlatforms) = preSolution
		Debug|Any CPU = Debug|Any CPU
		Release|Any CPU = Release|Any CPU
	EndGlobalSection
	GlobalSection(ProjectConfigurationPlatforms) = postSolution
		{2E90322F-5B52-4810-AEAE-C12CEEA99F7E}.Debug|Any CPU.ActiveCfg = Debug|Any CPU
		{2E90322F-5B52-4810-AEAE-C12CEEA99F7E}.Debug|Any CPU.Build.0 = Debug|Any CPU
		{2E90322F-5B52-4810-AEAE-C12CEEA99F7E}.Release|Any CPU.ActiveCfg = Release|Any CPU
		{2E90322F-5B52-4810-AEAE-C12CEEA99F7E}.Release|Any CPU.Build.0 = Release|Any CPU
	EndGlobalSection
	GlobalSection(SolutionProperties) = preSolution
		HideSolutionNode = FALSE
	EndGlobalSection
	GlobalSection(ExtensibilityGlobals) = postSolution
		SolutionGuid = {721B29FC-F071-43F3-86E4-7513EF946CC9}
	EndGlobalSection
EndGlobal
