
Microsoft Visual Studio Solution File, Format Version 12.00
# Visual Studio Version 17
VisualStudioVersion = 17.14.36518.9 d17.14
MinimumVisualStudioVersion = 10.0.40219.1
Project("{FAE04EC0-301F-11D3-BF4B-00C04F79EFBC}") = "App17102025", "App17102025\App17102025.csproj", "{A1C57DB7-49D7-4E86-B8B4-10338B72A4BF}"
EndProject
Global
	GlobalSection(SolutionConfigurationPlatforms) = preSolution
		Debug|Any CPU = Debug|Any CPU
		Release|Any CPU = Release|Any CPU
	EndGlobalSection
	GlobalSection(ProjectConfigurationPlatforms) = postSolution
		{A1C57DB7-49D7-4E86-B8B4-10338B72A4BF}.Debug|Any CPU.ActiveCfg = Debug|Any CPU
		{A1C57DB7-49D7-4E86-B8B4-10338B72A4BF}.Debug|Any CPU.Build.0 = Debug|Any CPU
		{A1C57DB7-49D7-4E86-B8B4-10338B72A4BF}.Release|Any CPU.ActiveCfg = Release|Any CPU
		{A1C57DB7-49D7-4E86-B8B4-10338B72A4BF}.Release|Any CPU.Build.0 = Release|Any CPU
	EndGlobalSection
	GlobalSection(SolutionProperties) = preSolution
		HideSolutionNode = FALSE
	EndGlobalSection
	GlobalSection(ExtensibilityGlobals) = postSolution
		SolutionGuid = {BAE1F824-1C69-4BBC-A5F2-76DE5F8C2FD3}
	EndGlobalSection
EndGlobal
