
Microsoft Visual Studio Solution File, Format Version 12.00
# Visual Studio Version 17
VisualStudioVersion = 17.14.36518.9 d17.14
MinimumVisualStudioVersion = 10.0.40219.1
Project("{FAE04EC0-301F-11D3-BF4B-00C04F79EFBC}") = "ejemplomasterslave", "ejemplomasterslave\ejemplomasterslave.csproj", "{8601719A-267C-4B74-A2B2-A1B18FFC8AF2}"
EndProject
Global
	GlobalSection(SolutionConfigurationPlatforms) = preSolution
		Debug|Any CPU = Debug|Any CPU
		Release|Any CPU = Release|Any CPU
	EndGlobalSection
	GlobalSection(ProjectConfigurationPlatforms) = postSolution
		{8601719A-267C-4B74-A2B2-A1B18FFC8AF2}.Debug|Any CPU.ActiveCfg = Debug|Any CPU
		{8601719A-267C-4B74-A2B2-A1B18FFC8AF2}.Debug|Any CPU.Build.0 = Debug|Any CPU
		{8601719A-267C-4B74-A2B2-A1B18FFC8AF2}.Release|Any CPU.ActiveCfg = Release|Any CPU
		{8601719A-267C-4B74-A2B2-A1B18FFC8AF2}.Release|Any CPU.Build.0 = Release|Any CPU
	EndGlobalSection
	GlobalSection(SolutionProperties) = preSolution
		HideSolutionNode = FALSE
	EndGlobalSection
	GlobalSection(ExtensibilityGlobals) = postSolution
		SolutionGuid = {3988E9EC-F921-4318-A938-6CABC93BAA3C}
	EndGlobalSection
EndGlobal
