
Microsoft Visual Studio Solution File, Format Version 12.00
# Visual Studio Version 17
VisualStudioVersion = 17.14.36623.8 d17.14
MinimumVisualStudioVersion = 10.0.40219.1
Project("{FAE04EC0-301F-11D3-BF4B-00C04F79EFBC}") = "Ruiz_Gutierrez_Manuel_MiniProject1", "Ruiz_Gutierrez_Manuel_MiniProject1\Ruiz_Gutierrez_Manuel_MiniProject1.csproj", "{0850DC95-3411-4501-8B4A-4014E8B6CC3C}"
EndProject
Global
	GlobalSection(SolutionConfigurationPlatforms) = preSolution
		Debug|Any CPU = Debug|Any CPU
		Release|Any CPU = Release|Any CPU
	EndGlobalSection
	GlobalSection(ProjectConfigurationPlatforms) = postSolution
		{0850DC95-3411-4501-8B4A-4014E8B6CC3C}.Debug|Any CPU.ActiveCfg = Debug|Any CPU
		{0850DC95-3411-4501-8B4A-4014E8B6CC3C}.Debug|Any CPU.Build.0 = Debug|Any CPU
		{0850DC95-3411-4501-8B4A-4014E8B6CC3C}.Release|Any CPU.ActiveCfg = Release|Any CPU
		{0850DC95-3411-4501-8B4A-4014E8B6CC3C}.Release|Any CPU.Build.0 = Release|Any CPU
	EndGlobalSection
	GlobalSection(SolutionProperties) = preSolution
		HideSolutionNode = FALSE
	EndGlobalSection
	GlobalSection(ExtensibilityGlobals) = postSolution
		SolutionGuid = {00793F10-1C28-4E6E-A791-732051F4C3EC}
	EndGlobalSection
EndGlobal
